
Microsoft Visual Studio Solution File, Format Version 12.00
# Visual Studio Version 17
VisualStudioVersion = 17.3.32929.385
MinimumVisualStudioVersion = 10.0.40219.1
Project("{FAE04EC0-301F-11D3-BF4B-00C04F79EFBC}") = "NumbersInWords", "NumbersInWords\NumbersInWords.csproj", "{0ECBDC7E-AA8F-4FDF-88C3-A87F5FF6C9F2}"
EndProject
Project("{2150E333-8FDC-42A3-9474-1A3956D46DE8}") = "Solution Items", "Solution Items", "{53B723AE-658E-4A99-B421-4DFAE94F4E12}"
	ProjectSection(SolutionItems) = preProject
		.editorconfig = .editorconfig
	EndProjectSection
EndProject
Global
	GlobalSection(SolutionConfigurationPlatforms) = preSolution
		Debug|Any CPU = Debug|Any CPU
		Release|Any CPU = Release|Any CPU
	EndGlobalSection
	GlobalSection(ProjectConfigurationPlatforms) = postSolution
		{0ECBDC7E-AA8F-4FDF-88C3-A87F5FF6C9F2}.Debug|Any CPU.ActiveCfg = Debug|Any CPU
		{0ECBDC7E-AA8F-4FDF-88C3-A87F5FF6C9F2}.Debug|Any CPU.Build.0 = Debug|Any CPU
		{0ECBDC7E-AA8F-4FDF-88C3-A87F5FF6C9F2}.Release|Any CPU.ActiveCfg = Release|Any CPU
		{0ECBDC7E-AA8F-4FDF-88C3-A87F5FF6C9F2}.Release|Any CPU.Build.0 = Release|Any CPU
	EndGlobalSection
	GlobalSection(SolutionProperties) = preSolution
		HideSolutionNode = FALSE
	EndGlobalSection
	GlobalSection(ExtensibilityGlobals) = postSolution
		SolutionGuid = {943C3149-D35D-40B3-B5F3-90A00E9D8224}
	EndGlobalSection
EndGlobal
